
Microsoft Visual Studio Solution File, Format Version 12.00
# Visual Studio Version 16
VisualStudioVersion = 16.0.31321.278
MinimumVisualStudioVersion = 10.0.40219.1
Project("{FAE04EC0-301F-11D3-BF4B-00C04F79EFBC}") = "FaultAlert", "FaultAlert\FaultAlert.csproj", "{B3843E20-DEC0-4202-AFCD-989813625245}"
EndProject
Global
	GlobalSection(SolutionConfigurationPlatforms) = preSolution
		Debug|Any CPU = Debug|Any CPU
		Release|Any CPU = Release|Any CPU
	EndGlobalSection
	GlobalSection(ProjectConfigurationPlatforms) = postSolution
		{B3843E20-DEC0-4202-AFCD-989813625245}.Debug|Any CPU.ActiveCfg = Debug|Any CPU
		{B3843E20-DEC0-4202-AFCD-989813625245}.Debug|Any CPU.Build.0 = Debug|Any CPU
		{B3843E20-DEC0-4202-AFCD-989813625245}.Release|Any CPU.ActiveCfg = Release|Any CPU
		{B3843E20-DEC0-4202-AFCD-989813625245}.Release|Any CPU.Build.0 = Release|Any CPU
	EndGlobalSection
	GlobalSection(SolutionProperties) = preSolution
		HideSolutionNode = FALSE
	EndGlobalSection
	GlobalSection(ExtensibilityGlobals) = postSolution
		SolutionGuid = {403AFD8B-52BF-401D-A24E-A0BA169F3B7F}
	EndGlobalSection
EndGlobal
